// !$*UTF8*$!
{
	archiveVersion = 1;
	classes = {
	};
	objectVersion = 46;
	objects = {

/* Begin PBXBuildFile section */
		1150E6AB1AF10F3E00B4B102 /* main.cpp in Sources */ = {isa = PBXBuildFile; fileRef = 1150E6AA1AF10F3E00B4B102 /* main.cpp */; };
		1150E6B21AF10F5000B4B102 /* kernel.cl in Sources */ = {isa = PBXBuildFile; fileRef = 1150E6B11AF10F5000B4B102 /* kernel.cl */; };
		1150E6B41AF1137F00B4B102 /* libopencv_core.2.4.11.dylib in Frameworks */ = {isa = PBXBuildFile; fileRef = 1150E6B31AF1137F00B4B102 /* libopencv_core.2.4.11.dylib */; };
		1150E6BB1AF113BC00B4B102 /* libopencv_gpu.2.4.11.dylib in Frameworks */ = {isa = PBXBuildFile; fileRef = 1150E6B51AF113BC00B4B102 /* libopencv_gpu.2.4.11.dylib */; };
		1150E6BC1AF113BC00B4B102 /* libopencv_highgui.2.4.11.dylib in Frameworks */ = {isa = PBXBuildFile; fileRef = 1150E6B61AF113BC00B4B102 /* libopencv_highgui.2.4.11.dylib */; };
		1150E6BD1AF113BC00B4B102 /* libopencv_imgproc.2.4.11.dylib in Frameworks */ = {isa = PBXBuildFile; fileRef = 1150E6B71AF113BC00B4B102 /* libopencv_imgproc.2.4.11.dylib */; };
		1150E6BE1AF113BC00B4B102 /* libopencv_ml.2.4.11.dylib in Frameworks */ = {isa = PBXBuildFile; fileRef = 1150E6B81AF113BC00B4B102 /* libopencv_ml.2.4.11.dylib */; };
		1150E6BF1AF113BC00B4B102 /* libopencv_nonfree.2.4.11.dylib in Frameworks */ = {isa = PBXBuildFile; fileRef = 1150E6B91AF113BC00B4B102 /* libopencv_nonfree.2.4.11.dylib */; };
		1150E6C01AF113BC00B4B102 /* libopencv_objdetect.2.4.11.dylib in Frameworks */ = {isa = PBXBuildFile; fileRef = 1150E6BA1AF113BC00B4B102 /* libopencv_objdetect.2.4.11.dylib */; };
/* End PBXBuildFile section */

/* Begin PBXCopyFilesBuildPhase section */
		1150E6A51AF10F3E00B4B102 /* CopyFiles */ = {
			isa = PBXCopyFilesBuildPhase;
			buildActionMask = 2147483647;
			dstPath = /usr/share/man/man1/;
			dstSubfolderSpec = 0;
			files = (
			);
			runOnlyForDeploymentPostprocessing = 1;
		};
/* End PBXCopyFilesBuildPhase section */

/* Begin PBXFileReference section */
		1150E6A71AF10F3E00B4B102 /* lab_4_2 */ = {isa = PBXFileReference; explicitFileType = "compiled.mach-o.executable"; includeInIndex = 0; path = lab_4_2; sourceTree = BUILT_PRODUCTS_DIR; };
		1150E6AA1AF10F3E00B4B102 /* main.cpp */ = {isa = PBXFileReference; lastKnownFileType = sourcecode.cpp.cpp; path = main.cpp; sourceTree = "<group>"; };
		1150E6B11AF10F5000B4B102 /* kernel.cl */ = {isa = PBXFileReference; fileEncoding = 4; lastKnownFileType = sourcecode.opencl; path = kernel.cl; sourceTree = "<group>"; };
		1150E6B31AF1137F00B4B102 /* libopencv_core.2.4.11.dylib */ = {isa = PBXFileReference; lastKnownFileType = "compiled.mach-o.dylib"; name = libopencv_core.2.4.11.dylib; path = ../../../../opt/local/lib/libopencv_core.2.4.11.dylib; sourceTree = "<group>"; };
		1150E6B51AF113BC00B4B102 /* libopencv_gpu.2.4.11.dylib */ = {isa = PBXFileReference; lastKnownFileType = "compiled.mach-o.dylib"; name = libopencv_gpu.2.4.11.dylib; path = ../../../../opt/local/lib/libopencv_gpu.2.4.11.dylib; sourceTree = "<group>"; };
		1150E6B61AF113BC00B4B102 /* libopencv_highgui.2.4.11.dylib */ = {isa = PBXFileReference; lastKnownFileType = "compiled.mach-o.dylib"; name = libopencv_highgui.2.4.11.dylib; path = ../../../../opt/local/lib/libopencv_highgui.2.4.11.dylib; sourceTree = "<group>"; };
		1150E6B71AF113BC00B4B102 /* libopencv_imgproc.2.4.11.dylib */ = {isa = PBXFileReference; lastKnownFileType = "compiled.mach-o.dylib"; name = libopencv_imgproc.2.4.11.dylib; path = ../../../../opt/local/lib/libopencv_imgproc.2.4.11.dylib; sourceTree = "<group>"; };
		1150E6B81AF113BC00B4B102 /* libopencv_ml.2.4.11.dylib */ = {isa = PBXFileReference; lastKnownFileType = "compiled.mach-o.dylib"; name = libopencv_ml.2.4.11.dylib; path = ../../../../opt/local/lib/libopencv_ml.2.4.11.dylib; sourceTree = "<group>"; };
		1150E6B91AF113BC00B4B102 /* libopencv_nonfree.2.4.11.dylib */ = {isa = PBXFileReference; lastKnownFileType = "compiled.mach-o.dylib"; name = libopencv_nonfree.2.4.11.dylib; path = ../../../../opt/local/lib/libopencv_nonfree.2.4.11.dylib; sourceTree = "<group>"; };
		1150E6BA1AF113BC00B4B102 /* libopencv_objdetect.2.4.11.dylib */ = {isa = PBXFileReference; lastKnownFileType = "compiled.mach-o.dylib"; name = libopencv_objdetect.2.4.11.dylib; path = ../../../../opt/local/lib/libopencv_objdetect.2.4.11.dylib; sourceTree = "<group>"; };
/* End PBXFileReference section */

/* Begin PBXFrameworksBuildPhase section */
		1150E6A41AF10F3E00B4B102 /* Frameworks */ = {
			isa = PBXFrameworksBuildPhase;
			buildActionMask = 2147483647;
			files = (
				1150E6BD1AF113BC00B4B102 /* libopencv_imgproc.2.4.11.dylib in Frameworks */,
				1150E6BC1AF113BC00B4B102 /* libopencv_highgui.2.4.11.dylib in Frameworks */,
				1150E6BF1AF113BC00B4B102 /* libopencv_nonfree.2.4.11.dylib in Frameworks */,
				1150E6B41AF1137F00B4B102 /* libopencv_core.2.4.11.dylib in Frameworks */,
				1150E6BB1AF113BC00B4B102 /* libopencv_gpu.2.4.11.dylib in Frameworks */,
				1150E6C01AF113BC00B4B102 /* libopencv_objdetect.2.4.11.dylib in Frameworks */,
				1150E6BE1AF113BC00B4B102 /* libopencv_ml.2.4.11.dylib in Frameworks */,
			);
			runOnlyForDeploymentPostprocessing = 0;
		};
/* End PBXFrameworksBuildPhase section */

/* Begin PBXGroup section */
		1150E69E1AF10F3E00B4B102 = {
			isa = PBXGroup;
			children = (
				1150E6B51AF113BC00B4B102 /* libopencv_gpu.2.4.11.dylib */,
				1150E6B61AF113BC00B4B102 /* libopencv_highgui.2.4.11.dylib */,
				1150E6B71AF113BC00B4B102 /* libopencv_imgproc.2.4.11.dylib */,
				1150E6B81AF113BC00B4B102 /* libopencv_ml.2.4.11.dylib */,
				1150E6B91AF113BC00B4B102 /* libopencv_nonfree.2.4.11.dylib */,
				1150E6BA1AF113BC00B4B102 /* libopencv_objdetect.2.4.11.dylib */,
				1150E6B31AF1137F00B4B102 /* libopencv_core.2.4.11.dylib */,
				1150E6A91AF10F3E00B4B102 /* lab_4_2 */,
				1150E6A81AF10F3E00B4B102 /* Products */,
			);
			sourceTree = "<group>";
		};
		1150E6A81AF10F3E00B4B102 /* Products */ = {
			isa = PBXGroup;
			children = (
				1150E6A71AF10F3E00B4B102 /* lab_4_2 */,
			);
			name = Products;
			sourceTree = "<group>";
		};
		1150E6A91AF10F3E00B4B102 /* lab_4_2 */ = {
			isa = PBXGroup;
			children = (
				1150E6AA1AF10F3E00B4B102 /* main.cpp */,
				1150E6B11AF10F5000B4B102 /* kernel.cl */,
			);
			path = lab_4_2;
			sourceTree = "<group>";
		};
/* End PBXGroup section */

/* Begin PBXNativeTarget section */
		1150E6A61AF10F3E00B4B102 /* lab_4_2 */ = {
			isa = PBXNativeTarget;
			buildConfigurationList = 1150E6AE1AF10F3E00B4B102 /* Build configuration list for PBXNativeTarget "lab_4_2" */;
			buildPhases = (
				1150E6A31AF10F3E00B4B102 /* Sources */,
				1150E6A41AF10F3E00B4B102 /* Frameworks */,
				1150E6A51AF10F3E00B4B102 /* CopyFiles */,
			);
			buildRules = (
			);
			dependencies = (
			);
			name = lab_4_2;
			productName = lab_4_2;
			productReference = 1150E6A71AF10F3E00B4B102 /* lab_4_2 */;
			productType = "com.apple.product-type.tool";
		};
/* End PBXNativeTarget section */

/* Begin PBXProject section */
		1150E69F1AF10F3E00B4B102 /* Project object */ = {
			isa = PBXProject;
			attributes = {
				LastUpgradeCheck = 0610;
				ORGANIZATIONNAME = Nikita;
				TargetAttributes = {
					1150E6A61AF10F3E00B4B102 = {
						CreatedOnToolsVersion = 6.1.1;
					};
				};
			};
			buildConfigurationList = 1150E6A21AF10F3E00B4B102 /* Build configuration list for PBXProject "lab_4_2" */;
			compatibilityVersion = "Xcode 3.2";
			developmentRegion = English;
			hasScannedForEncodings = 0;
			knownRegions = (
				en,
			);
			mainGroup = 1150E69E1AF10F3E00B4B102;
			productRefGroup = 1150E6A81AF10F3E00B4B102 /* Products */;
			projectDirPath = "";
			projectRoot = "";
			targets = (
				1150E6A61AF10F3E00B4B102 /* lab_4_2 */,
			);
		};
/* End PBXProject section */

/* Begin PBXSourcesBuildPhase section */
		1150E6A31AF10F3E00B4B102 /* Sources */ = {
			isa = PBXSourcesBuildPhase;
			buildActionMask = 2147483647;
			files = (
				1150E6AB1AF10F3E00B4B102 /* main.cpp in Sources */,
				1150E6B21AF10F5000B4B102 /* kernel.cl in Sources */,
			);
			runOnlyForDeploymentPostprocessing = 0;
		};
/* End PBXSourcesBuildPhase section */

/* Begin XCBuildConfiguration section */
		1150E6AC1AF10F3E00B4B102 /* Debug */ = {
			isa = XCBuildConfiguration;
			buildSettings = {
				ALWAYS_SEARCH_USER_PATHS = NO;
				CLANG_CXX_LANGUAGE_STANDARD = "gnu++0x";
				CLANG_CXX_LIBRARY = "libc++";
				CLANG_ENABLE_MODULES = YES;
				CLANG_ENABLE_OBJC_ARC = YES;
				CLANG_WARN_BOOL_CONVERSION = YES;
				CLANG_WARN_CONSTANT_CONVERSION = YES;
				CLANG_WARN_DIRECT_OBJC_ISA_USAGE = YES_ERROR;
				CLANG_WARN_EMPTY_BODY = YES;
				CLANG_WARN_ENUM_CONVERSION = YES;
				CLANG_WARN_INT_CONVERSION = YES;
				CLANG_WARN_OBJC_ROOT_CLASS = YES_ERROR;
				CLANG_WARN_UNREACHABLE_CODE = YES;
				CLANG_WARN__DUPLICATE_METHOD_MATCH = YES;
				COPY_PHASE_STRIP = NO;
				ENABLE_STRICT_OBJC_MSGSEND = YES;
				GCC_C_LANGUAGE_STANDARD = gnu99;
				GCC_DYNAMIC_NO_PIC = NO;
				GCC_OPTIMIZATION_LEVEL = 0;
				GCC_PREPROCESSOR_DEFINITIONS = (
					"DEBUG=1",
					"$(inherited)",
				);
				GCC_SYMBOLS_PRIVATE_EXTERN = NO;
				GCC_WARN_64_TO_32_BIT_CONVERSION = YES;
				GCC_WARN_ABOUT_RETURN_TYPE = YES_ERROR;
				GCC_WARN_UNDECLARED_SELECTOR = YES;
				GCC_WARN_UNINITIALIZED_AUTOS = YES_AGGRESSIVE;
				GCC_WARN_UNUSED_FUNCTION = YES;
				GCC_WARN_UNUSED_VARIABLE = YES;
				MACOSX_DEPLOYMENT_TARGET = 10.10;
				MTL_ENABLE_DEBUG_INFO = YES;
				ONLY_ACTIVE_ARCH = YES;
				SDKROOT = macosx;
			};
			name = Debug;
		};
		1150E6AD1AF10F3E00B4B102 /* Release */ = {
			isa = XCBuildConfiguration;
			buildSettings = {
				ALWAYS_SEARCH_USER_PATHS = NO;
				CLANG_CXX_LANGUAGE_STANDARD = "gnu++0x";
				CLANG_CXX_LIBRARY = "libc++";
				CLANG_ENABLE_MODULES = YES;
				CLANG_ENABLE_OBJC_ARC = YES;
				CLANG_WARN_BOOL_CONVERSION = YES;
				CLANG_WARN_CONSTANT_CONVERSION = YES;
				CLANG_WARN_DIRECT_OBJC_ISA_USAGE = YES_ERROR;
				CLANG_WARN_EMPTY_BODY = YES;
				CLANG_WARN_ENUM_CONVERSION = YES;
				CLANG_WARN_INT_CONVERSION = YES;
				CLANG_WARN_OBJC_ROOT_CLASS = YES_ERROR;
				CLANG_WARN_UNREACHABLE_CODE = YES;
				CLANG_WARN__DUPLICATE_METHOD_MATCH = YES;
				COPY_PHASE_STRIP = YES;
				DEBUG_INFORMATION_FORMAT = "dwarf-with-dsym";
				ENABLE_NS_ASSERTIONS = NO;
				ENABLE_STRICT_OBJC_MSGSEND = YES;
				GCC_C_LANGUAGE_STANDARD = gnu99;
				GCC_WARN_64_TO_32_BIT_CONVERSION = YES;
				GCC_WARN_ABOUT_RETURN_TYPE = YES_ERROR;
				GCC_WARN_UNDECLARED_SELECTOR = YES;
				GCC_WARN_UNINITIALIZED_AUTOS = YES_AGGRESSIVE;
				GCC_WARN_UNUSED_FUNCTION = YES;
				GCC_WARN_UNUSED_VARIABLE = YES;
				MACOSX_DEPLOYMENT_TARGET = 10.10;
				MTL_ENABLE_DEBUG_INFO = NO;
				SDKROOT = macosx;
			};
			name = Release;
		};
		1150E6AF1AF10F3E00B4B102 /* Debug */ = {
			isa = XCBuildConfiguration;
			buildSettings = {
				HEADER_SEARCH_PATHS = (
					"$(inherited)",
					/Applications/Xcode.app/Contents/Developer/Toolchains/XcodeDefault.xctoolchain/usr/include,
					/opt/local/include,
				);
				LIBRARY_SEARCH_PATHS = (
					"$(inherited)",
					/opt/local/lib,
				);
				PRODUCT_NAME = "$(TARGET_NAME)";
			};
			name = Debug;
		};
		1150E6B01AF10F3E00B4B102 /* Release */ = {
			isa = XCBuildConfiguration;
			buildSettings = {
				HEADER_SEARCH_PATHS = (
					"$(inherited)",
					/Applications/Xcode.app/Contents/Developer/Toolchains/XcodeDefault.xctoolchain/usr/include,
					/opt/local/include,
				);
				LIBRARY_SEARCH_PATHS = (
					"$(inherited)",
					/opt/local/lib,
				);
				PRODUCT_NAME = "$(TARGET_NAME)";
			};
			name = Release;
		};
/* End XCBuildConfiguration section */

/* Begin XCConfigurationList section */
		1150E6A21AF10F3E00B4B102 /* Build configuration list for PBXProject "lab_4_2" */ = {
			isa = XCConfigurationList;
			buildConfigurations = (
				1150E6AC1AF10F3E00B4B102 /* Debug */,
				1150E6AD1AF10F3E00B4B102 /* Release */,
			);
			defaultConfigurationIsVisible = 0;
			defaultConfigurationName = Release;
		};
		1150E6AE1AF10F3E00B4B102 /* Build configuration list for PBXNativeTarget "lab_4_2" */ = {
			isa = XCConfigurationList;
			buildConfigurations = (
				1150E6AF1AF10F3E00B4B102 /* Debug */,
				1150E6B01AF10F3E00B4B102 /* Release */,
			);
			defaultConfigurationIsVisible = 0;
			defaultConfigurationName = Release;
		};
/* End XCConfigurationList section */
	};
	rootObject = 1150E69F1AF10F3E00B4B102 /* Project object */;
}
